{
  "name": "webjack-websocket-contracts",
  "version": "0.1.0",
  "lockfileVersion": 1,
  "requires": true,
  "dependencies": {
    "typescript": {
      "version": "3.5.1",
      "resolved": "https://registry.npmjs.org/typescript/-/typescript-3.5.1.tgz",
      "integrity": "sha512-64HkdiRv1yYZsSe4xC1WVgamNigVYjlssIoaH2HcZF0+ijsk5YK2g0G34w9wJkze8+5ow4STd22AynfO6ZYYLw==",
      "dev": true
    },
    "uuid": {
      "version": "3.3.2",
      "resolved": "https://registry.npmjs.org/uuid/-/uuid-3.3.2.tgz",
      "integrity": "sha512-yXJmeNaw3DnnKAOKJE51sL/ZaYfWJRl1pK9dr19YFCu0ObS231AB1/LbqTKRAQ5kw8A90rA6fr4riOUpTZvQZA=="
    },
    "webjack-core": {
      "version": "0.2.2",
      "resolved": "https://registry.npmjs.org/webjack-core/-/webjack-core-0.2.2.tgz",
      "integrity": "sha512-NY14w4KCcFdqZFdCJwph4PYbWDT/AIXr6apdYhtVXgmn9Pue3fKLFCLt3hVziXQrukiP7IRrHtbeQy8SOWGshg==",
      "requires": {
        "uuid": "^3.2.1"
      }
    }
  }
}
